
Microsoft Visual Studio Solution File, Format Version 12.00
# Visual Studio Version 17
VisualStudioVersion = 17.9.34728.123
MinimumVisualStudioVersion = 10.0.40219.1
Project("{9A19103F-16F7-4668-BE54-9A1E7A4F7556}") = "BBPlusLockers", "BBPlusLockers.csproj", "{4E78F84A-94B6-45F6-91D3-09CB0A5F341B}"
EndProject
Global
	GlobalSection(SolutionConfigurationPlatforms) = preSolution
		Debug|Any CPU = Debug|Any CPU
		Release|Any CPU = Release|Any CPU
	EndGlobalSection
	GlobalSection(ProjectConfigurationPlatforms) = postSolution
		{4E78F84A-94B6-45F6-91D3-09CB0A5F341B}.Debug|Any CPU.ActiveCfg = Debug|Any CPU
		{4E78F84A-94B6-45F6-91D3-09CB0A5F341B}.Debug|Any CPU.Build.0 = Debug|Any CPU
		{4E78F84A-94B6-45F6-91D3-09CB0A5F341B}.Release|Any CPU.ActiveCfg = Release|Any CPU
		{4E78F84A-94B6-45F6-91D3-09CB0A5F341B}.Release|Any CPU.Build.0 = Release|Any CPU
	EndGlobalSection
	GlobalSection(SolutionProperties) = preSolution
		HideSolutionNode = FALSE
	EndGlobalSection
	GlobalSection(ExtensibilityGlobals) = postSolution
		SolutionGuid = {6DD34DB2-B4FD-4B3F-81DF-D7EA8B273578}
	EndGlobalSection
EndGlobal
